
Microsoft Visual Studio Solution File, Format Version 12.00
# Visual Studio Version 17
VisualStudioVersion = 17.11.35431.28
MinimumVisualStudioVersion = 10.0.40219.1
Project("{FAE04EC0-301F-11D3-BF4B-00C04F79EFBC}") = "OpenTK3_CLI_template", "OpenTK3_CLI_template.csproj", "{EEF4D4CC-9004-498E-812C-53985A4564E0}"
EndProject
Global
	GlobalSection(SolutionConfigurationPlatforms) = preSolution
		Debug|Any CPU = Debug|Any CPU
		Release|Any CPU = Release|Any CPU
	EndGlobalSection
	GlobalSection(ProjectConfigurationPlatforms) = postSolution
		{EEF4D4CC-9004-498E-812C-53985A4564E0}.Debug|Any CPU.ActiveCfg = Debug|Any CPU
		{EEF4D4CC-9004-498E-812C-53985A4564E0}.Debug|Any CPU.Build.0 = Debug|Any CPU
		{EEF4D4CC-9004-498E-812C-53985A4564E0}.Release|Any CPU.ActiveCfg = Release|Any CPU
		{EEF4D4CC-9004-498E-812C-53985A4564E0}.Release|Any CPU.Build.0 = Release|Any CPU
	EndGlobalSection
	GlobalSection(SolutionProperties) = preSolution
		HideSolutionNode = FALSE
	EndGlobalSection
	GlobalSection(ExtensibilityGlobals) = postSolution
		SolutionGuid = {BAD24929-9539-415A-9E81-9958FC83E557}
	EndGlobalSection
EndGlobal
